
Microsoft Visual Studio Solution File, Format Version 12.00
# Visual Studio Version 17
VisualStudioVersion = 17.2.32526.322
MinimumVisualStudioVersion = 10.0.40219.1
Project("{FAE04EC0-301F-11D3-BF4B-00C04F79EFBC}") = "WebApp2", "WebApp2\WebApp2.csproj", "{5171CA1B-4DFC-4F1E-93B9-435D5693C59F}"
EndProject
Global
	GlobalSection(SolutionConfigurationPlatforms) = preSolution
		Debug|Any CPU = Debug|Any CPU
		Release|Any CPU = Release|Any CPU
	EndGlobalSection
	GlobalSection(ProjectConfigurationPlatforms) = postSolution
		{5171CA1B-4DFC-4F1E-93B9-435D5693C59F}.Debug|Any CPU.ActiveCfg = Debug|Any CPU
		{5171CA1B-4DFC-4F1E-93B9-435D5693C59F}.Debug|Any CPU.Build.0 = Debug|Any CPU
		{5171CA1B-4DFC-4F1E-93B9-435D5693C59F}.Release|Any CPU.ActiveCfg = Release|Any CPU
		{5171CA1B-4DFC-4F1E-93B9-435D5693C59F}.Release|Any CPU.Build.0 = Release|Any CPU
	EndGlobalSection
	GlobalSection(SolutionProperties) = preSolution
		HideSolutionNode = FALSE
	EndGlobalSection
	GlobalSection(ExtensibilityGlobals) = postSolution
		SolutionGuid = {F0911571-509F-4BB8-91BC-463C06C2D17A}
	EndGlobalSection
EndGlobal
